
Microsoft Visual Studio Solution File, Format Version 12.00
# Visual Studio Version 16
VisualStudioVersion = 16.0.30503.244
MinimumVisualStudioVersion = 10.0.40219.1
Project("{FAE04EC0-301F-11D3-BF4B-00C04F79EFBC}") = "Herdar_vs_CumprirContrato", "Herdar_vs_CumprirContrato\Herdar_vs_CumprirContrato.csproj", "{063F6563-BA86-4A2B-8C13-3CC7CED6FE5A}"
EndProject
Global
	GlobalSection(SolutionConfigurationPlatforms) = preSolution
		Debug|Any CPU = Debug|Any CPU
		Release|Any CPU = Release|Any CPU
	EndGlobalSection
	GlobalSection(ProjectConfigurationPlatforms) = postSolution
		{063F6563-BA86-4A2B-8C13-3CC7CED6FE5A}.Debug|Any CPU.ActiveCfg = Debug|Any CPU
		{063F6563-BA86-4A2B-8C13-3CC7CED6FE5A}.Debug|Any CPU.Build.0 = Debug|Any CPU
		{063F6563-BA86-4A2B-8C13-3CC7CED6FE5A}.Release|Any CPU.ActiveCfg = Release|Any CPU
		{063F6563-BA86-4A2B-8C13-3CC7CED6FE5A}.Release|Any CPU.Build.0 = Release|Any CPU
	EndGlobalSection
	GlobalSection(SolutionProperties) = preSolution
		HideSolutionNode = FALSE
	EndGlobalSection
	GlobalSection(ExtensibilityGlobals) = postSolution
		SolutionGuid = {C8E67E7C-0CF4-4C72-96CF-B919F35A6C03}
	EndGlobalSection
EndGlobal
